
Microsoft Visual Studio Solution File, Format Version 12.00
# Visual Studio Version 16
VisualStudioVersion = 16.0.29318.209
MinimumVisualStudioVersion = 10.0.40219.1
Project("{FAE04EC0-301F-11D3-BF4B-00C04F79EFBC}") = "HttpCookies", "HttpCookies\HttpCookies.csproj", "{5A41DBAE-CF8E-4A49-B565-D7933E714258}"
EndProject
Global
	GlobalSection(SolutionConfigurationPlatforms) = preSolution
		Debug|Any CPU = Debug|Any CPU
		Release|Any CPU = Release|Any CPU
	EndGlobalSection
	GlobalSection(ProjectConfigurationPlatforms) = postSolution
		{5A41DBAE-CF8E-4A49-B565-D7933E714258}.Debug|Any CPU.ActiveCfg = Debug|Any CPU
		{5A41DBAE-CF8E-4A49-B565-D7933E714258}.Debug|Any CPU.Build.0 = Debug|Any CPU
		{5A41DBAE-CF8E-4A49-B565-D7933E714258}.Release|Any CPU.ActiveCfg = Release|Any CPU
		{5A41DBAE-CF8E-4A49-B565-D7933E714258}.Release|Any CPU.Build.0 = Release|Any CPU
	EndGlobalSection
	GlobalSection(SolutionProperties) = preSolution
		HideSolutionNode = FALSE
	EndGlobalSection
	GlobalSection(ExtensibilityGlobals) = postSolution
		SolutionGuid = {2A08B852-946F-44E1-9BB7-C6EBB035A975}
	EndGlobalSection
EndGlobal
